
Microsoft Visual Studio Solution File, Format Version 12.00
# Visual Studio Version 17
VisualStudioVersion = 17.11.35208.52
MinimumVisualStudioVersion = 10.0.40219.1
Project("{FAE04EC0-301F-11D3-BF4B-00C04F79EFBC}") = "02-ProductosDefectuosos", "02-ProductosDefectuosos\02-ProductosDefectuosos.csproj", "{8145B1C8-78B9-4524-BC17-433AD9AA466B}"
EndProject
Global
	GlobalSection(SolutionConfigurationPlatforms) = preSolution
		Debug|Any CPU = Debug|Any CPU
		Release|Any CPU = Release|Any CPU
	EndGlobalSection
	GlobalSection(ProjectConfigurationPlatforms) = postSolution
		{8145B1C8-78B9-4524-BC17-433AD9AA466B}.Debug|Any CPU.ActiveCfg = Debug|Any CPU
		{8145B1C8-78B9-4524-BC17-433AD9AA466B}.Debug|Any CPU.Build.0 = Debug|Any CPU
		{8145B1C8-78B9-4524-BC17-433AD9AA466B}.Release|Any CPU.ActiveCfg = Release|Any CPU
		{8145B1C8-78B9-4524-BC17-433AD9AA466B}.Release|Any CPU.Build.0 = Release|Any CPU
	EndGlobalSection
	GlobalSection(SolutionProperties) = preSolution
		HideSolutionNode = FALSE
	EndGlobalSection
	GlobalSection(ExtensibilityGlobals) = postSolution
		SolutionGuid = {2B1C2F8E-1EBA-4DA6-B345-39E440BC123C}
	EndGlobalSection
EndGlobal
